# This file is generated by running "yarn install" inside your project.
# Manual changes might be lost - proceed with caution!

__metadata:
  version: 8
  cacheKey: 10c0

"@untest57/prettier-config@workspace:.":
  version: 0.0.0-use.local
  resolution: "@untest57/prettier-config@workspace:."
  peerDependencies:
    "@trivago/prettier-plugin-sort-imports": ^4.2.0
    prettier: ^3.0.0
    prettier-plugin-tailwindcss: ^0.5.6
  languageName: unknown
  linkType: soft
